
Microsoft Visual Studio Solution File, Format Version 12.00
# Visual Studio Version 16
VisualStudioVersion = 16.0.32228.343
MinimumVisualStudioVersion = 10.0.40219.1
Project("{FAE04EC0-301F-11D3-BF4B-00C04F79EFBC}") = "FindPos", "FindPos\FindPos.csproj", "{9A0208FD-E73B-46B0-A39A-5A246EE9E24B}"
EndProject
Global
	GlobalSection(SolutionConfigurationPlatforms) = preSolution
		Debug|Any CPU = Debug|Any CPU
		Release|Any CPU = Release|Any CPU
	EndGlobalSection
	GlobalSection(ProjectConfigurationPlatforms) = postSolution
		{9A0208FD-E73B-46B0-A39A-5A246EE9E24B}.Debug|Any CPU.ActiveCfg = Debug|Any CPU
		{9A0208FD-E73B-46B0-A39A-5A246EE9E24B}.Debug|Any CPU.Build.0 = Debug|Any CPU
		{9A0208FD-E73B-46B0-A39A-5A246EE9E24B}.Release|Any CPU.ActiveCfg = Release|Any CPU
		{9A0208FD-E73B-46B0-A39A-5A246EE9E24B}.Release|Any CPU.Build.0 = Release|Any CPU
	EndGlobalSection
	GlobalSection(SolutionProperties) = preSolution
		HideSolutionNode = FALSE
	EndGlobalSection
	GlobalSection(ExtensibilityGlobals) = postSolution
		SolutionGuid = {2D2D723E-8984-41C0-B8E7-D623BA87868F}
	EndGlobalSection
EndGlobal
