
Microsoft Visual Studio Solution File, Format Version 12.00
# Visual Studio Version 16
VisualStudioVersion = 16.0.32228.343
MinimumVisualStudioVersion = 10.0.40219.1
Project("{FAE04EC0-301F-11D3-BF4B-00C04F79EFBC}") = "MaxOccuring", "MaxOccuring\MaxOccuring.csproj", "{2F2F22E6-CF60-4AA9-BB8F-561ABA194FD9}"
EndProject
Global
	GlobalSection(SolutionConfigurationPlatforms) = preSolution
		Debug|Any CPU = Debug|Any CPU
		Release|Any CPU = Release|Any CPU
	EndGlobalSection
	GlobalSection(ProjectConfigurationPlatforms) = postSolution
		{2F2F22E6-CF60-4AA9-BB8F-561ABA194FD9}.Debug|Any CPU.ActiveCfg = Debug|Any CPU
		{2F2F22E6-CF60-4AA9-BB8F-561ABA194FD9}.Debug|Any CPU.Build.0 = Debug|Any CPU
		{2F2F22E6-CF60-4AA9-BB8F-561ABA194FD9}.Release|Any CPU.ActiveCfg = Release|Any CPU
		{2F2F22E6-CF60-4AA9-BB8F-561ABA194FD9}.Release|Any CPU.Build.0 = Release|Any CPU
	EndGlobalSection
	GlobalSection(SolutionProperties) = preSolution
		HideSolutionNode = FALSE
	EndGlobalSection
	GlobalSection(ExtensibilityGlobals) = postSolution
		SolutionGuid = {E98122D8-1FA4-4A01-8915-8FF7533F3346}
	EndGlobalSection
EndGlobal
